# This file is autogenerated, do not edit; changes may be undone by the next 'dep ensure'.


[[projects]]
  digest = "1:7ae311278f7ccaa724de8f2cdec0a507ba3ee6dea8c77237e8157bcf64b0f28b"
  name = "github.com/golang/mock"
  packages = ["gomock"]
  pruneopts = "UT"
  revision = "f7b1909c82a8958747e5c87c6a5c3b2eaed8a33d"
  version = "v1.4.4"

[[projects]]
  digest = "1:2e3c336fc7fde5c984d2841455a658a6d626450b1754a854b3b32e7a8f49a07a"
  name = "github.com/google/go-cmp"
  packages = [
    "cmp",
    "cmp/internal/diff",
    "cmp/internal/function",
    "cmp/internal/value",
  ]
  pruneopts = "UT"
  revision = "3af367b6b30c263d47e8895973edcca9a49cf029"
  version = "v0.2.0"

[[projects]]
  branch = "master"
  digest = "1:9d5b5d543996dd584da1db1e0de1926f3e4c3a8dba0fa2f8db70f3ebee2342e0"
  name = "golang.org/x/crypto"
  packages = [
    "bcrypt",
    "blowfish",
  ]
  pruneopts = "UT"
  revision = "4def268fd1a49955bfb3dda92fe3db4f924f2285"

[solve-meta]
  analyzer-name = "dep"
  analyzer-version = 1
  input-imports = [
    "github.com/golang/mock/gomock",
    "github.com/google/go-cmp/cmp",
    "golang.org/x/crypto/bcrypt",
  ]
  solver-name = "gps-cdcl"
  solver-version = 1
